# This file is autogenerated, do not edit; changes may be undone by the next 'dep ensure'.


[[projects]]
  digest = "1:b62a3c5b37db602bf1158e921da1a762315a4c37855fd418a14498aa87a342d5"
  name = "cloud.google.com/go"
  packages = ["civil"]
  pruneopts = "UT"
  revision = "1fd54cf41e6e0e178ffe3c52b0e2260281f603e3"
  version = "v0.32.0"

[[projects]]
  digest = "1:6cc1614c212778b725ef06c86db71982abf641c8f22f379d9ca575d38677845b"
  name = "github.com/Zauberstuhl/go-coinbase"
  packages = ["."]
  pruneopts = "UT"
  revision = "d2004a546813f19de64f4cecdb7be9890daef2da"
  version = "v1.0.0"

[[projects]]
  digest = "1:e85c733f47f7e633fce4eb46a3b2d3616dd95517dcf670ba36bb6da0394dbf16"
  name = "github.com/anaskhan96/soup"
  packages = ["."]
  pruneopts = "UT"
  revision = "cd07662ec9300d16d2ece1c24b0b29ad89f65ff4"
  version = "v1.1"

[[projects]]
  branch = "master"
  digest = "1:3872e3f8dc0ce7c649e578b9a758565373c066e2f9c62098b69ded641677c21b"
  name = "github.com/bitfinexcom/bitfinex-api-go"
  packages = [
    "utils",
    "v1",
  ]
  pruneopts = "UT"
  revision = "f84365d61cfeb9923a430518b964bb21c98ddd18"

[[projects]]
  digest = "1:a9ef0c82c0459e56e52a374cff03bc7b21a2e76bd957cc368fafd23ca0ba0b45"
  name = "github.com/bugsnag/bugsnag-go"
  packages = [
    ".",
    "errors",
  ]
  pruneopts = "UT"
  revision = "3f5889f222e9c07aa1f62c5e8c202e402ce574cd"
  version = "v1.3.2"

[[projects]]
  digest = "1:3049c43c6d1cfaa347acd27d6342187f8f38d9f416bbba7b02b43f82848302d2"
  name = "github.com/bugsnag/panicwrap"
  packages = ["."]
  pruneopts = "UT"
  revision = "4009b2b7c78d820cc4a2e42f035bb557ce4ae45b"
  version = "v1.2.0"

[[projects]]
  branch = "master"
  digest = "1:4e01cce89c403cebced5f1a22b15c983e1d18b0e9dcd1e14c00965353ddb824f"
  name = "github.com/coincircle/go-coinmarketcap"
  packages = [
    ".",
    "types",
  ]
  pruneopts = "UT"
  revision = "86a427de333f50fc31470c53bab5d8a02b296ec0"

[[projects]]
  branch = "master"
  digest = "1:0fd9da444782c2defb1352dc098f55b8b42c538787e29e45677a1dc40ff0ab11"
  name = "github.com/denisenkom/go-mssqldb"
  packages = [
    ".",
    "internal/cp",
  ]
  pruneopts = "UT"
  revision = "4e0d7dc8888fbb59764060e99b7b68e77a6f9698"

[[projects]]
  digest = "1:76dc72490af7174349349838f2fe118996381b31ea83243812a97e5a0fd5ed55"
  name = "github.com/dgrijalva/jwt-go"
  packages = ["."]
  pruneopts = "UT"
  revision = "06ea1031745cb8b3dab3f6a236daf2b0aa468b7e"
  version = "v3.2.0"

[[projects]]
  digest = "1:abeb38ade3f32a92943e5be54f55ed6d6e3b6602761d74b4aab4c9dd45c18abd"
  name = "github.com/fsnotify/fsnotify"
  packages = ["."]
  pruneopts = "UT"
  revision = "c2828203cd70a50dcccfb2761f8b1f8ceef9a8e9"
  version = "v1.4.7"

[[projects]]
  digest = "1:adea5a94903eb4384abef30f3d878dc9ff6b6b5b0722da25b82e5169216dfb61"
  name = "github.com/go-sql-driver/mysql"
  packages = ["."]
  pruneopts = "UT"
  revision = "d523deb1b23d913de5bdada721a6071e71283618"
  version = "v1.4.0"

[[projects]]
  digest = "1:615643b442214e7a9bade98fa7d50ec072fd17bdc5c955daa194b32e73a532a8"
  name = "github.com/gocraft/work"
  packages = ["."]
  pruneopts = "UT"
  revision = "1d4117a214abff263b472043871c8666aedb716b"
  version = "v0.5.1"

[[projects]]
  digest = "1:38ec74012390146c45af1f92d46e5382b50531247929ff3a685d2b2be65155ac"
  name = "github.com/gomodule/redigo"
  packages = [
    "internal",
    "redis",
  ]
  pruneopts = "UT"
  revision = "9c11da706d9b7902c6da69c592f75637793fe121"
  version = "v2.0.0"

[[projects]]
  digest = "1:7b5c6e2eeaa9ae5907c391a91c132abfd5c9e8a784a341b5625e750c67e6825d"
  name = "github.com/gorilla/websocket"
  packages = ["."]
  pruneopts = "UT"
  revision = "66b9c49e59c6c48f0ffce28c2d8b8a5678502c6d"
  version = "v1.4.0"

[[projects]]
  digest = "1:c0d19ab64b32ce9fe5cf4ddceba78d5bc9807f0016db6b1183599da3dcc24d10"
  name = "github.com/hashicorp/hcl"
  packages = [
    ".",
    "hcl/ast",
    "hcl/parser",
    "hcl/printer",
    "hcl/scanner",
    "hcl/strconv",
    "hcl/token",
    "json/parser",
    "json/scanner",
    "json/token",
  ]
  pruneopts = "UT"
  revision = "8cb6e5b959231cc1119e43259c4a608f9c51a241"
  version = "v1.0.0"

[[projects]]
  branch = "master"
  digest = "1:caf6db28595425c0e0f2301a00257d11712f65c1878e12cffc42f6b9a9cf3f23"
  name = "github.com/kardianos/osext"
  packages = ["."]
  pruneopts = "UT"
  revision = "ae77be60afb1dcacde03767a8c37337fad28ac14"

[[projects]]
  digest = "1:c4eaf5c51409d14be6b1010ac6ee6c0f54df8254e508fd3490700a22c7eadc16"
  name = "github.com/kat-co/vala"
  packages = ["."]
  pruneopts = "UT"
  revision = "bfe9b50e828ad56312e486cbf4165ff1ac3a9bae"
  version = "v1"

[[projects]]
  digest = "1:8ef506fc2bb9ced9b151dafa592d4046063d744c646c1bbe801982ce87e4bc24"
  name = "github.com/lib/pq"
  packages = [
    ".",
    "oid",
  ]
  pruneopts = "UT"
  revision = "4ded0e9383f75c197b3a2aaa6d590ac52df6fd79"
  version = "v1.0.0"

[[projects]]
  digest = "1:c568d7727aa262c32bdf8a3f7db83614f7af0ed661474b24588de635c20024c7"
  name = "github.com/magiconair/properties"
  packages = ["."]
  pruneopts = "UT"
  revision = "c2353362d570a7bfa228149c62842019201cfb71"
  version = "v1.8.0"

[[projects]]
  digest = "1:53bc4cd4914cd7cd52139990d5170d6dc99067ae31c56530621b18b35fc30318"
  name = "github.com/mitchellh/mapstructure"
  packages = ["."]
  pruneopts = "UT"
  revision = "3536a929edddb9a5b34bd6861dc4a9647cb459fe"
  version = "v1.1.2"

[[projects]]
  digest = "1:95741de3af260a92cc5c7f3f3061e85273f5a81b5db20d4bd68da74bd521675e"
  name = "github.com/pelletier/go-toml"
  packages = ["."]
  pruneopts = "UT"
  revision = "c01d1270ff3e442a8a57cddc1c92dc1138598194"
  version = "v1.2.0"

[[projects]]
  digest = "1:40e195917a951a8bf867cd05de2a46aaf1806c50cf92eebf4c16f78cd196f747"
  name = "github.com/pkg/errors"
  packages = ["."]
  pruneopts = "UT"
  revision = "645ef00459ed84a119197bfb8d8205042c6df63d"
  version = "v0.8.0"

[[projects]]
  digest = "1:ebc7d4777bf39f071f933784a6fe14dd7de6668a140528195598c8fcffd05d84"
  name = "github.com/rhymond/go-money"
  packages = ["."]
  pruneopts = "UT"
  revision = "012e82b838f1b0ebd7b32acc842ba8a9ca20df05"
  version = "v0.3.6"

[[projects]]
  digest = "1:ed615c5430ecabbb0fb7629a182da65ecee6523900ac1ac932520860878ffcad"
  name = "github.com/robfig/cron"
  packages = ["."]
  pruneopts = "UT"
  revision = "b41be1df696709bb6395fe435af20370037c0b4c"
  version = "v1.1"

[[projects]]
  digest = "1:a3b8912deeef29007fab9a13a9f21b9e9b59c621a2ed61e2fe7b37320a71fbd5"
  name = "github.com/satori/go.uuid"
  packages = ["."]
  pruneopts = "UT"
  revision = "b2ce2384e17bbe0c6d34077efa39dbab3e09123b"
  version = "master"

[[projects]]
  digest = "1:81e02c4edb639c80559c0650f9401d3e2dcc3256d1fa215382bb7c83c1db9126"
  name = "github.com/shopspring/decimal"
  packages = ["."]
  pruneopts = "UT"
  revision = "cd690d0c9e2447b1ef2a129a6b7b49077da89b8e"
  version = "1.1.0"

[[projects]]
  digest = "1:6a4a11ba764a56d2758899ec6f3848d24698d48442ebce85ee7a3f63284526cd"
  name = "github.com/spf13/afero"
  packages = [
    ".",
    "mem",
  ]
  pruneopts = "UT"
  revision = "d40851caa0d747393da1ffb28f7f9d8b4eeffebd"
  version = "v1.1.2"

[[projects]]
  digest = "1:08d65904057412fc0270fc4812a1c90c594186819243160dc779a402d4b6d0bc"
  name = "github.com/spf13/cast"
  packages = ["."]
  pruneopts = "UT"
  revision = "8c9545af88b134710ab1cd196795e7f2388358d7"
  version = "v1.3.0"

[[projects]]
  digest = "1:68ea4e23713989dc20b1bded5d9da2c5f9be14ff9885beef481848edd18c26cb"
  name = "github.com/spf13/jwalterweatherman"
  packages = ["."]
  pruneopts = "UT"
  revision = "4a4406e478ca629068e7768fc33f3f044173c0a6"
  version = "v1.0.0"

[[projects]]
  digest = "1:c1b1102241e7f645bc8e0c22ae352e8f0dc6484b6cb4d132fa9f24174e0119e2"
  name = "github.com/spf13/pflag"
  packages = ["."]
  pruneopts = "UT"
  revision = "298182f68c66c05229eb03ac171abe6e309ee79a"
  version = "v1.0.3"

[[projects]]
  digest = "1:214775c11fd26da94a100111a62daa25339198a4f9c57cb4aab352da889f5b93"
  name = "github.com/spf13/viper"
  packages = ["."]
  pruneopts = "UT"
  revision = "2c12c60302a5a0e62ee102ca9bc996277c2f64f5"
  version = "v1.2.1"

[[projects]]
  branch = "master"
  digest = "1:d51bf25874115cb888cf614aa2d248ff18fca48c2daf4c1dcc44a006402e7651"
  name = "github.com/thebotguys/signalr"
  packages = ["."]
  pruneopts = "UT"
  revision = "58078e12c98f4d4feb9ad2f992fde4db192de7a0"

[[projects]]
  branch = "master"
  digest = "1:353557c4fac726379708abb00d6cfaefcf56f533ea0a63092736ddb91bac9df4"
  name = "github.com/toorop/go-bittrex"
  packages = ["."]
  pruneopts = "UT"
  revision = "b941be99f94f49cb0c552eb97ab46ff5fa6eac71"

[[projects]]
  branch = "master"
  digest = "1:dd70bca92c5f88f5d6a098eaa570f604d52a460d82b81e1418c9559f6a742612"
  name = "github.com/volatiletech/inflect"
  packages = ["."]
  pruneopts = "UT"
  revision = "e7201282ae8da26cd97aed2e516f75c0bd91bb93"

[[projects]]
  digest = "1:bdafcc1667765980b13ac13ff326f8e9096bf09b7224eb885e5eb853f95cd0ba"
  name = "github.com/volatiletech/sqlboiler"
  packages = [
    "bdb",
    "bdb/drivers",
    "boil",
    "queries",
    "queries/qm",
    "randomize",
    "strmangle",
    "types",
  ]
  pruneopts = "UT"
  revision = "94ca01012373702cc5db828736016f134877c2ea"
  version = "v2.7.4"

[[projects]]
  branch = "master"
  digest = "1:7d80d5561efbfcfdc3e4720bf5e331d574fd6f1e531b115ecf568aab3e2b656d"
  name = "golang.org/x/crypto"
  packages = ["md4"]
  pruneopts = "UT"
  revision = "4d3f4d9ffa16a13f451c3b2999e9c49e9750bf06"

[[projects]]
  branch = "master"
  digest = "1:1a1ecfa7b54ca3f7a0115ab5c578d7d6a5d8b605839c549e80260468c42f8be7"
  name = "golang.org/x/net"
  packages = [
    "html",
    "html/atom",
  ]
  pruneopts = "UT"
  revision = "10aee181995363b41f712a55844a0dd52ea04646"

[[projects]]
  branch = "master"
  digest = "1:e2503f590982f6c0cc06abd7b94b17ded6804bada8eb79af753b5fb676dfdecc"
  name = "golang.org/x/sys"
  packages = ["unix"]
  pruneopts = "UT"
  revision = "3a76605856fddce5718553cbb8bd50ca492a7274"

[[projects]]
  digest = "1:8029e9743749d4be5bc9f7d42ea1659471767860f0cdc34d37c3111bd308a295"
  name = "golang.org/x/text"
  packages = [
    "internal/gen",
    "internal/triegen",
    "internal/ucd",
    "transform",
    "unicode/cldr",
    "unicode/norm",
  ]
  pruneopts = "UT"
  revision = "f21a4dfb5e38f5895301dc265a8def02365cc3d0"
  version = "v0.3.0"

[[projects]]
  digest = "1:c25289f43ac4a68d88b02245742347c94f1e108c534dda442188015ff80669b3"
  name = "google.golang.org/appengine"
  packages = ["cloudsql"]
  pruneopts = "UT"
  revision = "4a4468ece617fc8205e99368fa2200e9d1fad421"
  version = "v1.3.0"

[[projects]]
  digest = "1:8a1a728f86b71d82c099eebd03bdda5abc089babfaec80954b874921a3743089"
  name = "gopkg.in/volatiletech/null.v6"
  packages = [
    ".",
    "convert",
  ]
  pruneopts = "UT"
  revision = "0bef4e07ae1b27a2a4efa23bbb3006c8c3d2e01d"
  version = "v6.4"

[[projects]]
  digest = "1:342378ac4dcb378a5448dd723f0784ae519383532f5e70ade24132c4c8693202"
  name = "gopkg.in/yaml.v2"
  packages = ["."]
  pruneopts = "UT"
  revision = "5420a8b6744d3b0345ab293f6fcba19c978f1183"
  version = "v2.2.1"

[solve-meta]
  analyzer-name = "dep"
  analyzer-version = 1
  input-imports = [
    "github.com/Zauberstuhl/go-coinbase",
    "github.com/bitfinexcom/bitfinex-api-go/v1",
    "github.com/bugsnag/bugsnag-go",
    "github.com/coincircle/go-coinmarketcap",
    "github.com/dgrijalva/jwt-go",
    "github.com/gocraft/work",
    "github.com/gomodule/redigo/redis",
    "github.com/kat-co/vala",
    "github.com/lib/pq",
    "github.com/pkg/errors",
    "github.com/rhymond/go-money",
    "github.com/spf13/viper",
    "github.com/toorop/go-bittrex",
    "github.com/volatiletech/sqlboiler/bdb/drivers",
    "github.com/volatiletech/sqlboiler/boil",
    "github.com/volatiletech/sqlboiler/queries",
    "github.com/volatiletech/sqlboiler/queries/qm",
    "github.com/volatiletech/sqlboiler/randomize",
    "github.com/volatiletech/sqlboiler/strmangle",
    "gopkg.in/volatiletech/null.v6",
  ]
  solver-name = "gps-cdcl"
  solver-version = 1
